
Microsoft Visual Studio Solution File, Format Version 12.00
# Visual Studio Version 17
VisualStudioVersion = 17.0.32014.148
MinimumVisualStudioVersion = 10.0.40219.1
Project("{9A19103F-16F7-4668-BE54-9A1E7A4F7556}") = "mysqllesson", "mysqllesson\mysqllesson.csproj", "{471630AD-1354-48C8-8EB3-E298A9652AEB}"
EndProject
Project("{FAE04EC0-301F-11D3-BF4B-00C04F79EFBC}") = "libraryGUI", "libraryGUI\libraryGUI.csproj", "{7DB027A8-FB0C-4A4E-8DDF-D0AAD597FDE6}"
EndProject
Global
	GlobalSection(SolutionConfigurationPlatforms) = preSolution
		Debug|Any CPU = Debug|Any CPU
		Release|Any CPU = Release|Any CPU
	EndGlobalSection
	GlobalSection(ProjectConfigurationPlatforms) = postSolution
		{471630AD-1354-48C8-8EB3-E298A9652AEB}.Debug|Any CPU.ActiveCfg = Debug|Any CPU
		{471630AD-1354-48C8-8EB3-E298A9652AEB}.Debug|Any CPU.Build.0 = Debug|Any CPU
		{471630AD-1354-48C8-8EB3-E298A9652AEB}.Release|Any CPU.ActiveCfg = Release|Any CPU
		{471630AD-1354-48C8-8EB3-E298A9652AEB}.Release|Any CPU.Build.0 = Release|Any CPU
		{7DB027A8-FB0C-4A4E-8DDF-D0AAD597FDE6}.Debug|Any CPU.ActiveCfg = Debug|Any CPU
		{7DB027A8-FB0C-4A4E-8DDF-D0AAD597FDE6}.Debug|Any CPU.Build.0 = Debug|Any CPU
		{7DB027A8-FB0C-4A4E-8DDF-D0AAD597FDE6}.Release|Any CPU.ActiveCfg = Release|Any CPU
		{7DB027A8-FB0C-4A4E-8DDF-D0AAD597FDE6}.Release|Any CPU.Build.0 = Release|Any CPU
	EndGlobalSection
	GlobalSection(SolutionProperties) = preSolution
		HideSolutionNode = FALSE
	EndGlobalSection
	GlobalSection(ExtensibilityGlobals) = postSolution
		SolutionGuid = {10376073-2717-48B0-8766-BC4962699A72}
	EndGlobalSection
EndGlobal
